// !$*UTF8*$!
{
	archiveVersion = 1;
	classes = {
	};
	objectVersion = 55;
	objects = {

/* Begin PBXBuildFile section */
		13788297281992A900B49443 /* AppDelegate.swift in Sources */ = {isa = PBXBuildFile; fileRef = 13788296281992A900B49443 /* AppDelegate.swift */; };
		13788299281992A900B49443 /* SceneDelegate.swift in Sources */ = {isa = PBXBuildFile; fileRef = 13788298281992A900B49443 /* SceneDelegate.swift */; };
		1378829E281992A900B49443 /* Main.storyboard in Resources */ = {isa = PBXBuildFile; fileRef = 1378829C281992A900B49443 /* Main.storyboard */; };
		137882A0281992AA00B49443 /* Assets.xcassets in Resources */ = {isa = PBXBuildFile; fileRef = 1378829F281992AA00B49443 /* Assets.xcassets */; };
		137882A3281992AA00B49443 /* LaunchScreen.storyboard in Resources */ = {isa = PBXBuildFile; fileRef = 137882A1281992AA00B49443 /* LaunchScreen.storyboard */; };
		137882AE281992AB00B49443 /* FoodstagramTests.swift in Sources */ = {isa = PBXBuildFile; fileRef = 137882AD281992AB00B49443 /* FoodstagramTests.swift */; };
		137882B8281992AB00B49443 /* FoodstagramUITests.swift in Sources */ = {isa = PBXBuildFile; fileRef = 137882B7281992AB00B49443 /* FoodstagramUITests.swift */; };
		137882BA281992AB00B49443 /* FoodstagramUITestsLaunchTests.swift in Sources */ = {isa = PBXBuildFile; fileRef = 137882B9281992AB00B49443 /* FoodstagramUITestsLaunchTests.swift */; };
		139A148928199BDC004375E7 /* LoginViewController.swift in Sources */ = {isa = PBXBuildFile; fileRef = 139A148828199BDC004375E7 /* LoginViewController.swift */; };
		139A148B28199BF5004375E7 /* FeedViewController.swift in Sources */ = {isa = PBXBuildFile; fileRef = 139A148A28199BF5004375E7 /* FeedViewController.swift */; };
		139A148D2819E739004375E7 /* CameraViewController.swift in Sources */ = {isa = PBXBuildFile; fileRef = 139A148C2819E739004375E7 /* CameraViewController.swift */; };
		139A148F281B3351004375E7 /* PostCell.swift in Sources */ = {isa = PBXBuildFile; fileRef = 139A148E281B3351004375E7 /* PostCell.swift */; };
		C225C218CC60AF864831E204 /* Pods_Foodstagram_FoodstagramUITests.framework in Frameworks */ = {isa = PBXBuildFile; fileRef = 782BA0B0D9D5BFD14353FCB7 /* Pods_Foodstagram_FoodstagramUITests.framework */; };
		CA5B176A7E67FA557F23F442 /* Pods_FoodstagramTests.framework in Frameworks */ = {isa = PBXBuildFile; fileRef = 64E6D7E875E1EF3226083041 /* Pods_FoodstagramTests.framework */; };
		DA0BC51B7B15CFB32DDB4F90 /* Pods_Foodstagram.framework in Frameworks */ = {isa = PBXBuildFile; fileRef = 142A0B53EF39F5C2ED146A30 /* Pods_Foodstagram.framework */; };
/* End PBXBuildFile section */

/* Begin PBXContainerItemProxy section */
		137882AA281992AB00B49443 /* PBXContainerItemProxy */ = {
			isa = PBXContainerItemProxy;
			containerPortal = 1378828B281992A900B49443 /* Project object */;
			proxyType = 1;
			remoteGlobalIDString = 13788292281992A900B49443;
			remoteInfo = Foodstagram;
		};
		137882B4281992AB00B49443 /* PBXContainerItemProxy */ = {
			isa = PBXContainerItemProxy;
			containerPortal = 1378828B281992A900B49443 /* Project object */;
			proxyType = 1;
			remoteGlobalIDString = 13788292281992A900B49443;
			remoteInfo = Foodstagram;
		};
/* End PBXContainerItemProxy section */

/* Begin PBXFileReference section */
		13788293281992A900B49443 /* Foodstagram.app */ = {isa = PBXFileReference; explicitFileType = wrapper.application; includeInIndex = 0; path = Foodstagram.app; sourceTree = BUILT_PRODUCTS_DIR; };
		13788296281992A900B49443 /* AppDelegate.swift */ = {isa = PBXFileReference; lastKnownFileType = sourcecode.swift; path = AppDelegate.swift; sourceTree = "<group>"; };
		13788298281992A900B49443 /* SceneDelegate.swift */ = {isa = PBXFileReference; lastKnownFileType = sourcecode.swift; path = SceneDelegate.swift; sourceTree = "<group>"; };
		1378829D281992A900B49443 /* Base */ = {isa = PBXFileReference; lastKnownFileType = file.storyboard; name = Base; path = Base.lproj/Main.storyboard; sourceTree = "<group>"; };
		1378829F281992AA00B49443 /* Assets.xcassets */ = {isa = PBXFileReference; lastKnownFileType = folder.assetcatalog; path = Assets.xcassets; sourceTree = "<group>"; };
		137882A2281992AA00B49443 /* Base */ = {isa = PBXFileReference; lastKnownFileType = file.storyboard; name = Base; path = Base.lproj/LaunchScreen.storyboard; sourceTree = "<group>"; };
		137882A4281992AA00B49443 /* Info.plist */ = {isa = PBXFileReference; lastKnownFileType = text.plist.xml; path = Info.plist; sourceTree = "<group>"; };
		137882A9281992AB00B49443 /* FoodstagramTests.xctest */ = {isa = PBXFileReference; explicitFileType = wrapper.cfbundle; includeInIndex = 0; path = FoodstagramTests.xctest; sourceTree = BUILT_PRODUCTS_DIR; };
		137882AD281992AB00B49443 /* FoodstagramTests.swift */ = {isa = PBXFileReference; lastKnownFileType = sourcecode.swift; path = FoodstagramTests.swift; sourceTree = "<group>"; };
		137882B3281992AB00B49443 /* FoodstagramUITests.xctest */ = {isa = PBXFileReference; explicitFileType = wrapper.cfbundle; includeInIndex = 0; path = FoodstagramUITests.xctest; sourceTree = BUILT_PRODUCTS_DIR; };
		137882B7281992AB00B49443 /* FoodstagramUITests.swift */ = {isa = PBXFileReference; lastKnownFileType = sourcecode.swift; path = FoodstagramUITests.swift; sourceTree = "<group>"; };
		137882B9281992AB00B49443 /* FoodstagramUITestsLaunchTests.swift */ = {isa = PBXFileReference; lastKnownFileType = sourcecode.swift; path = FoodstagramUITestsLaunchTests.swift; sourceTree = "<group>"; };
		139A148828199BDC004375E7 /* LoginViewController.swift */ = {isa = PBXFileReference; lastKnownFileType = sourcecode.swift; path = LoginViewController.swift; sourceTree = "<group>"; };
		139A148A28199BF5004375E7 /* FeedViewController.swift */ = {isa = PBXFileReference; lastKnownFileType = sourcecode.swift; path = FeedViewController.swift; sourceTree = "<group>"; };
		139A148C2819E739004375E7 /* CameraViewController.swift */ = {isa = PBXFileReference; lastKnownFileType = sourcecode.swift; path = CameraViewController.swift; sourceTree = "<group>"; };
		139A148E281B3351004375E7 /* PostCell.swift */ = {isa = PBXFileReference; lastKnownFileType = sourcecode.swift; path = PostCell.swift; sourceTree = "<group>"; };
		142A0B53EF39F5C2ED146A30 /* Pods_Foodstagram.framework */ = {isa = PBXFileReference; explicitFileType = wrapper.framework; includeInIndex = 0; path = Pods_Foodstagram.framework; sourceTree = BUILT_PRODUCTS_DIR; };
		3C8196DB19BDA0592887A8B6 /* Pods-Foodstagram.debug.xcconfig */ = {isa = PBXFileReference; includeInIndex = 1; lastKnownFileType = text.xcconfig; name = "Pods-Foodstagram.debug.xcconfig"; path = "Target Support Files/Pods-Foodstagram/Pods-Foodstagram.debug.xcconfig"; sourceTree = "<group>"; };
		41D7724C309695777A66EAF0 /* Pods-Foodstagram.release.xcconfig */ = {isa = PBXFileReference; includeInIndex = 1; lastKnownFileType = text.xcconfig; name = "Pods-Foodstagram.release.xcconfig"; path = "Target Support Files/Pods-Foodstagram/Pods-Foodstagram.release.xcconfig"; sourceTree = "<group>"; };
		64E6D7E875E1EF3226083041 /* Pods_FoodstagramTests.framework */ = {isa = PBXFileReference; explicitFileType = wrapper.framework; includeInIndex = 0; path = Pods_FoodstagramTests.framework; sourceTree = BUILT_PRODUCTS_DIR; };
		782BA0B0D9D5BFD14353FCB7 /* Pods_Foodstagram_FoodstagramUITests.framework */ = {isa = PBXFileReference; explicitFileType = wrapper.framework; includeInIndex = 0; path = Pods_Foodstagram_FoodstagramUITests.framework; sourceTree = BUILT_PRODUCTS_DIR; };
		8ED969EDDAE87609F54BCD8E /* Pods-Foodstagram-FoodstagramUITests.debug.xcconfig */ = {isa = PBXFileReference; includeInIndex = 1; lastKnownFileType = text.xcconfig; name = "Pods-Foodstagram-FoodstagramUITests.debug.xcconfig"; path = "Target Support Files/Pods-Foodstagram-FoodstagramUITests/Pods-Foodstagram-FoodstagramUITests.debug.xcconfig"; sourceTree = "<group>"; };
		C8CF62B72CE88CADBE3BB51E /* Pods-Foodstagram-FoodstagramUITests.release.xcconfig */ = {isa = PBXFileReference; includeInIndex = 1; lastKnownFileType = text.xcconfig; name = "Pods-Foodstagram-FoodstagramUITests.release.xcconfig"; path = "Target Support Files/Pods-Foodstagram-FoodstagramUITests/Pods-Foodstagram-FoodstagramUITests.release.xcconfig"; sourceTree = "<group>"; };
		D5608FC208A5A215D60B8418 /* Pods-FoodstagramTests.debug.xcconfig */ = {isa = PBXFileReference; includeInIndex = 1; lastKnownFileType = text.xcconfig; name = "Pods-FoodstagramTests.debug.xcconfig"; path = "Target Support Files/Pods-FoodstagramTests/Pods-FoodstagramTests.debug.xcconfig"; sourceTree = "<group>"; };
		E90DEDDFF61D858DB42D6FF8 /* Pods-FoodstagramTests.release.xcconfig */ = {isa = PBXFileReference; includeInIndex = 1; lastKnownFileType = text.xcconfig; name = "Pods-FoodstagramTests.release.xcconfig"; path = "Target Support Files/Pods-FoodstagramTests/Pods-FoodstagramTests.release.xcconfig"; sourceTree = "<group>"; };
/* End PBXFileReference section */

/* Begin PBXFrameworksBuildPhase section */
		13788290281992A900B49443 /* Frameworks */ = {
			isa = PBXFrameworksBuildPhase;
			buildActionMask = 2147483647;
			files = (
				DA0BC51B7B15CFB32DDB4F90 /* Pods_Foodstagram.framework in Frameworks */,
			);
			runOnlyForDeploymentPostprocessing = 0;
		};
		137882A6281992AB00B49443 /* Frameworks */ = {
			isa = PBXFrameworksBuildPhase;
			buildActionMask = 2147483647;
			files = (
				CA5B176A7E67FA557F23F442 /* Pods_FoodstagramTests.framework in Frameworks */,
			);
			runOnlyForDeploymentPostprocessing = 0;
		};
		137882B0281992AB00B49443 /* Frameworks */ = {
			isa = PBXFrameworksBuildPhase;
			buildActionMask = 2147483647;
			files = (
				C225C218CC60AF864831E204 /* Pods_Foodstagram_FoodstagramUITests.framework in Frameworks */,
			);
			runOnlyForDeploymentPostprocessing = 0;
		};
/* End PBXFrameworksBuildPhase section */

/* Begin PBXGroup section */
		1378828A281992A900B49443 = {
			isa = PBXGroup;
			children = (
				13788295281992A900B49443 /* Foodstagram */,
				137882AC281992AB00B49443 /* FoodstagramTests */,
				137882B6281992AB00B49443 /* FoodstagramUITests */,
				13788294281992A900B49443 /* Products */,
				A266059C9B3D0063DF890DED /* Pods */,
				90E523E70282481F002F2E38 /* Frameworks */,
			);
			sourceTree = "<group>";
		};
		13788294281992A900B49443 /* Products */ = {
			isa = PBXGroup;
			children = (
				13788293281992A900B49443 /* Foodstagram.app */,
				137882A9281992AB00B49443 /* FoodstagramTests.xctest */,
				137882B3281992AB00B49443 /* FoodstagramUITests.xctest */,
			);
			name = Products;
			sourceTree = "<group>";
		};
		13788295281992A900B49443 /* Foodstagram */ = {
			isa = PBXGroup;
			children = (
				13788296281992A900B49443 /* AppDelegate.swift */,
				13788298281992A900B49443 /* SceneDelegate.swift */,
				1378829C281992A900B49443 /* Main.storyboard */,
				139A148E281B3351004375E7 /* PostCell.swift */,
				139A148C2819E739004375E7 /* CameraViewController.swift */,
				139A148A28199BF5004375E7 /* FeedViewController.swift */,
				139A148828199BDC004375E7 /* LoginViewController.swift */,
				1378829F281992AA00B49443 /* Assets.xcassets */,
				137882A1281992AA00B49443 /* LaunchScreen.storyboard */,
				137882A4281992AA00B49443 /* Info.plist */,
			);
			path = Foodstagram;
			sourceTree = "<group>";
		};
		137882AC281992AB00B49443 /* FoodstagramTests */ = {
			isa = PBXGroup;
			children = (
				137882AD281992AB00B49443 /* FoodstagramTests.swift */,
			);
			path = FoodstagramTests;
			sourceTree = "<group>";
		};
		137882B6281992AB00B49443 /* FoodstagramUITests */ = {
			isa = PBXGroup;
			children = (
				137882B7281992AB00B49443 /* FoodstagramUITests.swift */,
				137882B9281992AB00B49443 /* FoodstagramUITestsLaunchTests.swift */,
			);
			path = FoodstagramUITests;
			sourceTree = "<group>";
		};
		90E523E70282481F002F2E38 /* Frameworks */ = {
			isa = PBXGroup;
			children = (
				142A0B53EF39F5C2ED146A30 /* Pods_Foodstagram.framework */,
				782BA0B0D9D5BFD14353FCB7 /* Pods_Foodstagram_FoodstagramUITests.framework */,
				64E6D7E875E1EF3226083041 /* Pods_FoodstagramTests.framework */,
			);
			name = Frameworks;
			sourceTree = "<group>";
		};
		A266059C9B3D0063DF890DED /* Pods */ = {
			isa = PBXGroup;
			children = (
				3C8196DB19BDA0592887A8B6 /* Pods-Foodstagram.debug.xcconfig */,
				41D7724C309695777A66EAF0 /* Pods-Foodstagram.release.xcconfig */,
				8ED969EDDAE87609F54BCD8E /* Pods-Foodstagram-FoodstagramUITests.debug.xcconfig */,
				C8CF62B72CE88CADBE3BB51E /* Pods-Foodstagram-FoodstagramUITests.release.xcconfig */,
				D5608FC208A5A215D60B8418 /* Pods-FoodstagramTests.debug.xcconfig */,
				E90DEDDFF61D858DB42D6FF8 /* Pods-FoodstagramTests.release.xcconfig */,
			);
			path = Pods;
			sourceTree = "<group>";
		};
/* End PBXGroup section */

/* Begin PBXNativeTarget section */
		13788292281992A900B49443 /* Foodstagram */ = {
			isa = PBXNativeTarget;
			buildConfigurationList = 137882BD281992AB00B49443 /* Build configuration list for PBXNativeTarget "Foodstagram" */;
			buildPhases = (
				FA27A6259C636113FE7D8471 /* [CP] Check Pods Manifest.lock */,
				1378828F281992A900B49443 /* Sources */,
				13788290281992A900B49443 /* Frameworks */,
				13788291281992A900B49443 /* Resources */,
				20A252C0FB3DEBFB17ED8AFF /* [CP] Embed Pods Frameworks */,
			);
			buildRules = (
			);
			dependencies = (
			);
			name = Foodstagram;
			productName = Foodstagram;
			productReference = 13788293281992A900B49443 /* Foodstagram.app */;
			productType = "com.apple.product-type.application";
		};
		137882A8281992AB00B49443 /* FoodstagramTests */ = {
			isa = PBXNativeTarget;
			buildConfigurationList = 137882C0281992AB00B49443 /* Build configuration list for PBXNativeTarget "FoodstagramTests" */;
			buildPhases = (
				A86156D0D88CC5A3309DDADF /* [CP] Check Pods Manifest.lock */,
				137882A5281992AB00B49443 /* Sources */,
				137882A6281992AB00B49443 /* Frameworks */,
				137882A7281992AB00B49443 /* Resources */,
			);
			buildRules = (
			);
			dependencies = (
				137882AB281992AB00B49443 /* PBXTargetDependency */,
			);
			name = FoodstagramTests;
			productName = FoodstagramTests;
			productReference = 137882A9281992AB00B49443 /* FoodstagramTests.xctest */;
			productType = "com.apple.product-type.bundle.unit-test";
		};
		137882B2281992AB00B49443 /* FoodstagramUITests */ = {
			isa = PBXNativeTarget;
			buildConfigurationList = 137882C3281992AB00B49443 /* Build configuration list for PBXNativeTarget "FoodstagramUITests" */;
			buildPhases = (
				335C701A8E4155574567A459 /* [CP] Check Pods Manifest.lock */,
				137882AF281992AB00B49443 /* Sources */,
				137882B0281992AB00B49443 /* Frameworks */,
				137882B1281992AB00B49443 /* Resources */,
				3041D9A58CF254055D106C36 /* [CP] Embed Pods Frameworks */,
			);
			buildRules = (
			);
			dependencies = (
				137882B5281992AB00B49443 /* PBXTargetDependency */,
			);
			name = FoodstagramUITests;
			productName = FoodstagramUITests;
			productReference = 137882B3281992AB00B49443 /* FoodstagramUITests.xctest */;
			productType = "com.apple.product-type.bundle.ui-testing";
		};
/* End PBXNativeTarget section */

/* Begin PBXProject section */
		1378828B281992A900B49443 /* Project object */ = {
			isa = PBXProject;
			attributes = {
				BuildIndependentTargetsInParallel = 1;
				LastSwiftUpdateCheck = 1330;
				LastUpgradeCheck = 1330;
				TargetAttributes = {
					13788292281992A900B49443 = {
						CreatedOnToolsVersion = 13.3.1;
					};
					137882A8281992AB00B49443 = {
						CreatedOnToolsVersion = 13.3.1;
						TestTargetID = 13788292281992A900B49443;
					};
					137882B2281992AB00B49443 = {
						CreatedOnToolsVersion = 13.3.1;
						TestTargetID = 13788292281992A900B49443;
					};
				};
			};
			buildConfigurationList = 1378828E281992A900B49443 /* Build configuration list for PBXProject "Foodstagram" */;
			compatibilityVersion = "Xcode 13.0";
			developmentRegion = en;
			hasScannedForEncodings = 0;
			knownRegions = (
				en,
				Base,
			);
			mainGroup = 1378828A281992A900B49443;
			productRefGroup = 13788294281992A900B49443 /* Products */;
			projectDirPath = "";
			projectRoot = "";
			targets = (
				13788292281992A900B49443 /* Foodstagram */,
				137882A8281992AB00B49443 /* FoodstagramTests */,
				137882B2281992AB00B49443 /* FoodstagramUITests */,
			);
		};
/* End PBXProject section */

/* Begin PBXResourcesBuildPhase section */
		13788291281992A900B49443 /* Resources */ = {
			isa = PBXResourcesBuildPhase;
			buildActionMask = 2147483647;
			files = (
				137882A3281992AA00B49443 /* LaunchScreen.storyboard in Resources */,
				137882A0281992AA00B49443 /* Assets.xcassets in Resources */,
				1378829E281992A900B49443 /* Main.storyboard in Resources */,
			);
			runOnlyForDeploymentPostprocessing = 0;
		};
		137882A7281992AB00B49443 /* Resources */ = {
			isa = PBXResourcesBuildPhase;
			buildActionMask = 2147483647;
			files = (
			);
			runOnlyForDeploymentPostprocessing = 0;
		};
		137882B1281992AB00B49443 /* Resources */ = {
			isa = PBXResourcesBuildPhase;
			buildActionMask = 2147483647;
			files = (
			);
			runOnlyForDeploymentPostprocessing = 0;
		};
/* End PBXResourcesBuildPhase section */

/* Begin PBXShellScriptBuildPhase section */
		20A252C0FB3DEBFB17ED8AFF /* [CP] Embed Pods Frameworks */ = {
			isa = PBXShellScriptBuildPhase;
			buildActionMask = 2147483647;
			files = (
			);
			inputFileListPaths = (
				"${PODS_ROOT}/Target Support Files/Pods-Foodstagram/Pods-Foodstagram-frameworks-${CONFIGURATION}-input-files.xcfilelist",
			);
			name = "[CP] Embed Pods Frameworks";
			outputFileListPaths = (
				"${PODS_ROOT}/Target Support Files/Pods-Foodstagram/Pods-Foodstagram-frameworks-${CONFIGURATION}-output-files.xcfilelist",
			);
			runOnlyForDeploymentPostprocessing = 0;
			shellPath = /bin/sh;
			shellScript = "\"${PODS_ROOT}/Target Support Files/Pods-Foodstagram/Pods-Foodstagram-frameworks.sh\"\n";
			showEnvVarsInLog = 0;
		};
		3041D9A58CF254055D106C36 /* [CP] Embed Pods Frameworks */ = {
			isa = PBXShellScriptBuildPhase;
			buildActionMask = 2147483647;
			files = (
			);
			inputFileListPaths = (
				"${PODS_ROOT}/Target Support Files/Pods-Foodstagram-FoodstagramUITests/Pods-Foodstagram-FoodstagramUITests-frameworks-${CONFIGURATION}-input-files.xcfilelist",
			);
			name = "[CP] Embed Pods Frameworks";
			outputFileListPaths = (
				"${PODS_ROOT}/Target Support Files/Pods-Foodstagram-FoodstagramUITests/Pods-Foodstagram-FoodstagramUITests-frameworks-${CONFIGURATION}-output-files.xcfilelist",
			);
			runOnlyForDeploymentPostprocessing = 0;
			shellPath = /bin/sh;
			shellScript = "\"${PODS_ROOT}/Target Support Files/Pods-Foodstagram-FoodstagramUITests/Pods-Foodstagram-FoodstagramUITests-frameworks.sh\"\n";
			showEnvVarsInLog = 0;
		};
		335C701A8E4155574567A459 /* [CP] Check Pods Manifest.lock */ = {
			isa = PBXShellScriptBuildPhase;
			buildActionMask = 2147483647;
			files = (
			);
			inputFileListPaths = (
			);
			inputPaths = (
				"${PODS_PODFILE_DIR_PATH}/Podfile.lock",
				"${PODS_ROOT}/Manifest.lock",
			);
			name = "[CP] Check Pods Manifest.lock";
			outputFileListPaths = (
			);
			outputPaths = (
				"$(DERIVED_FILE_DIR)/Pods-Foodstagram-FoodstagramUITests-checkManifestLockResult.txt",
			);
			runOnlyForDeploymentPostprocessing = 0;
			shellPath = /bin/sh;
			shellScript = "diff \"${PODS_PODFILE_DIR_PATH}/Podfile.lock\" \"${PODS_ROOT}/Manifest.lock\" > /dev/null\nif [ $? != 0 ] ; then\n    # print error to STDERR\n    echo \"error: The sandbox is not in sync with the Podfile.lock. Run 'pod install' or update your CocoaPods installation.\" >&2\n    exit 1\nfi\n# This output is used by Xcode 'outputs' to avoid re-running this script phase.\necho \"SUCCESS\" > \"${SCRIPT_OUTPUT_FILE_0}\"\n";
			showEnvVarsInLog = 0;
		};
		A86156D0D88CC5A3309DDADF /* [CP] Check Pods Manifest.lock */ = {
			isa = PBXShellScriptBuildPhase;
			buildActionMask = 2147483647;
			files = (
			);
			inputFileListPaths = (
			);
			inputPaths = (
				"${PODS_PODFILE_DIR_PATH}/Podfile.lock",
				"${PODS_ROOT}/Manifest.lock",
			);
			name = "[CP] Check Pods Manifest.lock";
			outputFileListPaths = (
			);
			outputPaths = (
				"$(DERIVED_FILE_DIR)/Pods-FoodstagramTests-checkManifestLockResult.txt",
			);
			runOnlyForDeploymentPostprocessing = 0;
			shellPath = /bin/sh;
			shellScript = "diff \"${PODS_PODFILE_DIR_PATH}/Podfile.lock\" \"${PODS_ROOT}/Manifest.lock\" > /dev/null\nif [ $? != 0 ] ; then\n    # print error to STDERR\n    echo \"error: The sandbox is not in sync with the Podfile.lock. Run 'pod install' or update your CocoaPods installation.\" >&2\n    exit 1\nfi\n# This output is used by Xcode 'outputs' to avoid re-running this script phase.\necho \"SUCCESS\" > \"${SCRIPT_OUTPUT_FILE_0}\"\n";
			showEnvVarsInLog = 0;
		};
		FA27A6259C636113FE7D8471 /* [CP] Check Pods Manifest.lock */ = {
			isa = PBXShellScriptBuildPhase;
			buildActionMask = 2147483647;
			files = (
			);
			inputFileListPaths = (
			);
			inputPaths = (
				"${PODS_PODFILE_DIR_PATH}/Podfile.lock",
				"${PODS_ROOT}/Manifest.lock",
			);
			name = "[CP] Check Pods Manifest.lock";
			outputFileListPaths = (
			);
			outputPaths = (
				"$(DERIVED_FILE_DIR)/Pods-Foodstagram-checkManifestLockResult.txt",
			);
			runOnlyForDeploymentPostprocessing = 0;
			shellPath = /bin/sh;
			shellScript = "diff \"${PODS_PODFILE_DIR_PATH}/Podfile.lock\" \"${PODS_ROOT}/Manifest.lock\" > /dev/null\nif [ $? != 0 ] ; then\n    # print error to STDERR\n    echo \"error: The sandbox is not in sync with the Podfile.lock. Run 'pod install' or update your CocoaPods installation.\" >&2\n    exit 1\nfi\n# This output is used by Xcode 'outputs' to avoid re-running this script phase.\necho \"SUCCESS\" > \"${SCRIPT_OUTPUT_FILE_0}\"\n";
			showEnvVarsInLog = 0;
		};
/* End PBXShellScriptBuildPhase section */

/* Begin PBXSourcesBuildPhase section */
		1378828F281992A900B49443 /* Sources */ = {
			isa = PBXSourcesBuildPhase;
			buildActionMask = 2147483647;
			files = (
				139A148928199BDC004375E7 /* LoginViewController.swift in Sources */,
				139A148D2819E739004375E7 /* CameraViewController.swift in Sources */,
				13788297281992A900B49443 /* AppDelegate.swift in Sources */,
				139A148B28199BF5004375E7 /* FeedViewController.swift in Sources */,
				13788299281992A900B49443 /* SceneDelegate.swift in Sources */,
				139A148F281B3351004375E7 /* PostCell.swift in Sources */,
			);
			runOnlyForDeploymentPostprocessing = 0;
		};
		137882A5281992AB00B49443 /* Sources */ = {
			isa = PBXSourcesBuildPhase;
			buildActionMask = 2147483647;
			files = (
				137882AE281992AB00B49443 /* FoodstagramTests.swift in Sources */,
			);
			runOnlyForDeploymentPostprocessing = 0;
		};
		137882AF281992AB00B49443 /* Sources */ = {
			isa = PBXSourcesBuildPhase;
			buildActionMask = 2147483647;
			files = (
				137882BA281992AB00B49443 /* FoodstagramUITestsLaunchTests.swift in Sources */,
				137882B8281992AB00B49443 /* FoodstagramUITests.swift in Sources */,
			);
			runOnlyForDeploymentPostprocessing = 0;
		};
/* End PBXSourcesBuildPhase section */

/* Begin PBXTargetDependency section */
		137882AB281992AB00B49443 /* PBXTargetDependency */ = {
			isa = PBXTargetDependency;
			target = 13788292281992A900B49443 /* Foodstagram */;
			targetProxy = 137882AA281992AB00B49443 /* PBXContainerItemProxy */;
		};
		137882B5281992AB00B49443 /* PBXTargetDependency */ = {
			isa = PBXTargetDependency;
			target = 13788292281992A900B49443 /* Foodstagram */;
			targetProxy = 137882B4281992AB00B49443 /* PBXContainerItemProxy */;
		};
/* End PBXTargetDependency section */

/* Begin PBXVariantGroup section */
		1378829C281992A900B49443 /* Main.storyboard */ = {
			isa = PBXVariantGroup;
			children = (
				1378829D281992A900B49443 /* Base */,
			);
			name = Main.storyboard;
			sourceTree = "<group>";
		};
		137882A1281992AA00B49443 /* LaunchScreen.storyboard */ = {
			isa = PBXVariantGroup;
			children = (
				137882A2281992AA00B49443 /* Base */,
			);
			name = LaunchScreen.storyboard;
			sourceTree = "<group>";
		};
/* End PBXVariantGroup section */

/* Begin XCBuildConfiguration section */
		137882BB281992AB00B49443 /* Debug */ = {
			isa = XCBuildConfiguration;
			buildSettings = {
				ALWAYS_SEARCH_USER_PATHS = NO;
				CLANG_ANALYZER_NONNULL = YES;
				CLANG_ANALYZER_NUMBER_OBJECT_CONVERSION = YES_AGGRESSIVE;
				CLANG_CXX_LANGUAGE_STANDARD = "gnu++17";
				CLANG_ENABLE_MODULES = YES;
				CLANG_ENABLE_OBJC_ARC = YES;
				CLANG_ENABLE_OBJC_WEAK = YES;
				CLANG_WARN_BLOCK_CAPTURE_AUTORELEASING = YES;
				CLANG_WARN_BOOL_CONVERSION = YES;
				CLANG_WARN_COMMA = YES;
				CLANG_WARN_CONSTANT_CONVERSION = YES;
				CLANG_WARN_DEPRECATED_OBJC_IMPLEMENTATIONS = YES;
				CLANG_WARN_DIRECT_OBJC_ISA_USAGE = YES_ERROR;
				CLANG_WARN_DOCUMENTATION_COMMENTS = YES;
				CLANG_WARN_EMPTY_BODY = YES;
				CLANG_WARN_ENUM_CONVERSION = YES;
				CLANG_WARN_INFINITE_RECURSION = YES;
				CLANG_WARN_INT_CONVERSION = YES;
				CLANG_WARN_NON_LITERAL_NULL_CONVERSION = YES;
				CLANG_WARN_OBJC_IMPLICIT_RETAIN_SELF = YES;
				CLANG_WARN_OBJC_LITERAL_CONVERSION = YES;
				CLANG_WARN_OBJC_ROOT_CLASS = YES_ERROR;
				CLANG_WARN_QUOTED_INCLUDE_IN_FRAMEWORK_HEADER = YES;
				CLANG_WARN_RANGE_LOOP_ANALYSIS = YES;
				CLANG_WARN_STRICT_PROTOTYPES = YES;
				CLANG_WARN_SUSPICIOUS_MOVE = YES;
				CLANG_WARN_UNGUARDED_AVAILABILITY = YES_AGGRESSIVE;
				CLANG_WARN_UNREACHABLE_CODE = YES;
				CLANG_WARN__DUPLICATE_METHOD_MATCH = YES;
				COPY_PHASE_STRIP = NO;
				DEBUG_INFORMATION_FORMAT = dwarf;
				ENABLE_STRICT_OBJC_MSGSEND = YES;
				ENABLE_TESTABILITY = YES;
				GCC_C_LANGUAGE_STANDARD = gnu11;
				GCC_DYNAMIC_NO_PIC = NO;
				GCC_NO_COMMON_BLOCKS = YES;
				GCC_OPTIMIZATION_LEVEL = 0;
				GCC_PREPROCESSOR_DEFINITIONS = (
					"DEBUG=1",
					"$(inherited)",
				);
				GCC_WARN_64_TO_32_BIT_CONVERSION = YES;
				GCC_WARN_ABOUT_RETURN_TYPE = YES_ERROR;
				GCC_WARN_UNDECLARED_SELECTOR = YES;
				GCC_WARN_UNINITIALIZED_AUTOS = YES_AGGRESSIVE;
				GCC_WARN_UNUSED_FUNCTION = YES;
				GCC_WARN_UNUSED_VARIABLE = YES;
				IPHONEOS_DEPLOYMENT_TARGET = 15.4;
				MTL_ENABLE_DEBUG_INFO = INCLUDE_SOURCE;
				MTL_FAST_MATH = YES;
				ONLY_ACTIVE_ARCH = YES;
				SDKROOT = iphoneos;
				SWIFT_ACTIVE_COMPILATION_CONDITIONS = DEBUG;
				SWIFT_OPTIMIZATION_LEVEL = "-Onone";
			};
			name = Debug;
		};
		137882BC281992AB00B49443 /* Release */ = {
			isa = XCBuildConfiguration;
			buildSettings = {
				ALWAYS_SEARCH_USER_PATHS = NO;
				CLANG_ANALYZER_NONNULL = YES;
				CLANG_ANALYZER_NUMBER_OBJECT_CONVERSION = YES_AGGRESSIVE;
				CLANG_CXX_LANGUAGE_STANDARD = "gnu++17";
				CLANG_ENABLE_MODULES = YES;
				CLANG_ENABLE_OBJC_ARC = YES;
				CLANG_ENABLE_OBJC_WEAK = YES;
				CLANG_WARN_BLOCK_CAPTURE_AUTORELEASING = YES;
				CLANG_WARN_BOOL_CONVERSION = YES;
				CLANG_WARN_COMMA = YES;
				CLANG_WARN_CONSTANT_CONVERSION = YES;
				CLANG_WARN_DEPRECATED_OBJC_IMPLEMENTATIONS = YES;
				CLANG_WARN_DIRECT_OBJC_ISA_USAGE = YES_ERROR;
				CLANG_WARN_DOCUMENTATION_COMMENTS = YES;
				CLANG_WARN_EMPTY_BODY = YES;
				CLANG_WARN_ENUM_CONVERSION = YES;
				CLANG_WARN_INFINITE_RECURSION = YES;
				CLANG_WARN_INT_CONVERSION = YES;
				CLANG_WARN_NON_LITERAL_NULL_CONVERSION = YES;
				CLANG_WARN_OBJC_IMPLICIT_RETAIN_SELF = YES;
				CLANG_WARN_OBJC_LITERAL_CONVERSION = YES;
				CLANG_WARN_OBJC_ROOT_CLASS = YES_ERROR;
				CLANG_WARN_QUOTED_INCLUDE_IN_FRAMEWORK_HEADER = YES;
				CLANG_WARN_RANGE_LOOP_ANALYSIS = YES;
				CLANG_WARN_STRICT_PROTOTYPES = YES;
				CLANG_WARN_SUSPICIOUS_MOVE = YES;
				CLANG_WARN_UNGUARDED_AVAILABILITY = YES_AGGRESSIVE;
				CLANG_WARN_UNREACHABLE_CODE = YES;
				CLANG_WARN__DUPLICATE_METHOD_MATCH = YES;
				COPY_PHASE_STRIP = NO;
				DEBUG_INFORMATION_FORMAT = "dwarf-with-dsym";
				ENABLE_NS_ASSERTIONS = NO;
				ENABLE_STRICT_OBJC_MSGSEND = YES;
				GCC_C_LANGUAGE_STANDARD = gnu11;
				GCC_NO_COMMON_BLOCKS = YES;
				GCC_WARN_64_TO_32_BIT_CONVERSION = YES;
				GCC_WARN_ABOUT_RETURN_TYPE = YES_ERROR;
				GCC_WARN_UNDECLARED_SELECTOR = YES;
				GCC_WARN_UNINITIALIZED_AUTOS = YES_AGGRESSIVE;
				GCC_WARN_UNUSED_FUNCTION = YES;
				GCC_WARN_UNUSED_VARIABLE = YES;
				IPHONEOS_DEPLOYMENT_TARGET = 15.4;
				MTL_ENABLE_DEBUG_INFO = NO;
				MTL_FAST_MATH = YES;
				SDKROOT = iphoneos;
				SWIFT_COMPILATION_MODE = wholemodule;
				SWIFT_OPTIMIZATION_LEVEL = "-O";
				VALIDATE_PRODUCT = YES;
			};
			name = Release;
		};
		137882BE281992AB00B49443 /* Debug */ = {
			isa = XCBuildConfiguration;
			baseConfigurationReference = 3C8196DB19BDA0592887A8B6 /* Pods-Foodstagram.debug.xcconfig */;
			buildSettings = {
				ASSETCATALOG_COMPILER_APPICON_NAME = AppIcon;
				ASSETCATALOG_COMPILER_GLOBAL_ACCENT_COLOR_NAME = AccentColor;
				CODE_SIGN_STYLE = Automatic;
				CURRENT_PROJECT_VERSION = 1;
				DEVELOPMENT_TEAM = 3YPA25C5SK;
				GENERATE_INFOPLIST_FILE = YES;
				INFOPLIST_FILE = Foodstagram/Info.plist;
				INFOPLIST_KEY_UIApplicationSupportsIndirectInputEvents = YES;
				INFOPLIST_KEY_UILaunchStoryboardName = LaunchScreen;
				INFOPLIST_KEY_UIMainStoryboardFile = Main;
				INFOPLIST_KEY_UISupportedInterfaceOrientations_iPad = "UIInterfaceOrientationPortrait UIInterfaceOrientationPortraitUpsideDown UIInterfaceOrientationLandscapeLeft UIInterfaceOrientationLandscapeRight";
				INFOPLIST_KEY_UISupportedInterfaceOrientations_iPhone = "UIInterfaceOrientationPortrait UIInterfaceOrientationLandscapeLeft UIInterfaceOrientationLandscapeRight";
				LD_RUNPATH_SEARCH_PATHS = (
					"$(inherited)",
					"@executable_path/Frameworks",
				);
				MARKETING_VERSION = 1.0;
				PRODUCT_BUNDLE_IDENTIFIER = "BodrulJalal-Code-Path.Foodstagram";
				PRODUCT_NAME = "$(TARGET_NAME)";
				SWIFT_EMIT_LOC_STRINGS = YES;
				SWIFT_VERSION = 5.0;
				TARGETED_DEVICE_FAMILY = "1,2";
			};
			name = Debug;
		};
		137882BF281992AB00B49443 /* Release */ = {
			isa = XCBuildConfiguration;
			baseConfigurationReference = 41D7724C309695777A66EAF0 /* Pods-Foodstagram.release.xcconfig */;
			buildSettings = {
				ASSETCATALOG_COMPILER_APPICON_NAME = AppIcon;
				ASSETCATALOG_COMPILER_GLOBAL_ACCENT_COLOR_NAME = AccentColor;
				CODE_SIGN_STYLE = Automatic;
				CURRENT_PROJECT_VERSION = 1;
				DEVELOPMENT_TEAM = 3YPA25C5SK;
				GENERATE_INFOPLIST_FILE = YES;
				INFOPLIST_FILE = Foodstagram/Info.plist;
				INFOPLIST_KEY_UIApplicationSupportsIndirectInputEvents = YES;
				INFOPLIST_KEY_UILaunchStoryboardName = LaunchScreen;
				INFOPLIST_KEY_UIMainStoryboardFile = Main;
				INFOPLIST_KEY_UISupportedInterfaceOrientations_iPad = "UIInterfaceOrientationPortrait UIInterfaceOrientationPortraitUpsideDown UIInterfaceOrientationLandscapeLeft UIInterfaceOrientationLandscapeRight";
				INFOPLIST_KEY_UISupportedInterfaceOrientations_iPhone = "UIInterfaceOrientationPortrait UIInterfaceOrientationLandscapeLeft UIInterfaceOrientationLandscapeRight";
				LD_RUNPATH_SEARCH_PATHS = (
					"$(inherited)",
					"@executable_path/Frameworks",
				);
				MARKETING_VERSION = 1.0;
				PRODUCT_BUNDLE_IDENTIFIER = "BodrulJalal-Code-Path.Foodstagram";
				PRODUCT_NAME = "$(TARGET_NAME)";
				SWIFT_EMIT_LOC_STRINGS = YES;
				SWIFT_VERSION = 5.0;
				TARGETED_DEVICE_FAMILY = "1,2";
			};
			name = Release;
		};
		137882C1281992AB00B49443 /* Debug */ = {
			isa = XCBuildConfiguration;
			baseConfigurationReference = D5608FC208A5A215D60B8418 /* Pods-FoodstagramTests.debug.xcconfig */;
			buildSettings = {
				ALWAYS_EMBED_SWIFT_STANDARD_LIBRARIES = YES;
				BUNDLE_LOADER = "$(TEST_HOST)";
				CODE_SIGN_STYLE = Automatic;
				CURRENT_PROJECT_VERSION = 1;
				DEVELOPMENT_TEAM = 3YPA25C5SK;
				GENERATE_INFOPLIST_FILE = YES;
				IPHONEOS_DEPLOYMENT_TARGET = 15.4;
				MARKETING_VERSION = 1.0;
				PRODUCT_BUNDLE_IDENTIFIER = "BodrulJalal-Code-Path.FoodstagramTests";
				PRODUCT_NAME = "$(TARGET_NAME)";
				SWIFT_EMIT_LOC_STRINGS = NO;
				SWIFT_VERSION = 5.0;
				TARGETED_DEVICE_FAMILY = "1,2";
				TEST_HOST = "$(BUILT_PRODUCTS_DIR)/Foodstagram.app/Foodstagram";
			};
			name = Debug;
		};
		137882C2281992AB00B49443 /* Release */ = {
			isa = XCBuildConfiguration;
			baseConfigurationReference = E90DEDDFF61D858DB42D6FF8 /* Pods-FoodstagramTests.release.xcconfig */;
			buildSettings = {
				ALWAYS_EMBED_SWIFT_STANDARD_LIBRARIES = YES;
				BUNDLE_LOADER = "$(TEST_HOST)";
				CODE_SIGN_STYLE = Automatic;
				CURRENT_PROJECT_VERSION = 1;
				DEVELOPMENT_TEAM = 3YPA25C5SK;
				GENERATE_INFOPLIST_FILE = YES;
				IPHONEOS_DEPLOYMENT_TARGET = 15.4;
				MARKETING_VERSION = 1.0;
				PRODUCT_BUNDLE_IDENTIFIER = "BodrulJalal-Code-Path.FoodstagramTests";
				PRODUCT_NAME = "$(TARGET_NAME)";
				SWIFT_EMIT_LOC_STRINGS = NO;
				SWIFT_VERSION = 5.0;
				TARGETED_DEVICE_FAMILY = "1,2";
				TEST_HOST = "$(BUILT_PRODUCTS_DIR)/Foodstagram.app/Foodstagram";
			};
			name = Release;
		};
		137882C4281992AB00B49443 /* Debug */ = {
			isa = XCBuildConfiguration;
			baseConfigurationReference = 8ED969EDDAE87609F54BCD8E /* Pods-Foodstagram-FoodstagramUITests.debug.xcconfig */;
			buildSettings = {
				ALWAYS_EMBED_SWIFT_STANDARD_LIBRARIES = YES;
				CODE_SIGN_STYLE = Automatic;
				CURRENT_PROJECT_VERSION = 1;
				DEVELOPMENT_TEAM = 3YPA25C5SK;
				GENERATE_INFOPLIST_FILE = YES;
				MARKETING_VERSION = 1.0;
				PRODUCT_BUNDLE_IDENTIFIER = "BodrulJalal-Code-Path.FoodstagramUITests";
				PRODUCT_NAME = "$(TARGET_NAME)";
				SWIFT_EMIT_LOC_STRINGS = NO;
				SWIFT_VERSION = 5.0;
				TARGETED_DEVICE_FAMILY = "1,2";
				TEST_TARGET_NAME = Foodstagram;
			};
			name = Debug;
		};
		137882C5281992AB00B49443 /* Release */ = {
			isa = XCBuildConfiguration;
			baseConfigurationReference = C8CF62B72CE88CADBE3BB51E /* Pods-Foodstagram-FoodstagramUITests.release.xcconfig */;
			buildSettings = {
				ALWAYS_EMBED_SWIFT_STANDARD_LIBRARIES = YES;
				CODE_SIGN_STYLE = Automatic;
				CURRENT_PROJECT_VERSION = 1;
				DEVELOPMENT_TEAM = 3YPA25C5SK;
				GENERATE_INFOPLIST_FILE = YES;
				MARKETING_VERSION = 1.0;
				PRODUCT_BUNDLE_IDENTIFIER = "BodrulJalal-Code-Path.FoodstagramUITests";
				PRODUCT_NAME = "$(TARGET_NAME)";
				SWIFT_EMIT_LOC_STRINGS = NO;
				SWIFT_VERSION = 5.0;
				TARGETED_DEVICE_FAMILY = "1,2";
				TEST_TARGET_NAME = Foodstagram;
			};
			name = Release;
		};
/* End XCBuildConfiguration section */

/* Begin XCConfigurationList section */
		1378828E281992A900B49443 /* Build configuration list for PBXProject "Foodstagram" */ = {
			isa = XCConfigurationList;
			buildConfigurations = (
				137882BB281992AB00B49443 /* Debug */,
				137882BC281992AB00B49443 /* Release */,
			);
			defaultConfigurationIsVisible = 0;
			defaultConfigurationName = Release;
		};
		137882BD281992AB00B49443 /* Build configuration list for PBXNativeTarget "Foodstagram" */ = {
			isa = XCConfigurationList;
			buildConfigurations = (
				137882BE281992AB00B49443 /* Debug */,
				137882BF281992AB00B49443 /* Release */,
			);
			defaultConfigurationIsVisible = 0;
			defaultConfigurationName = Release;
		};
		137882C0281992AB00B49443 /* Build configuration list for PBXNativeTarget "FoodstagramTests" */ = {
			isa = XCConfigurationList;
			buildConfigurations = (
				137882C1281992AB00B49443 /* Debug */,
				137882C2281992AB00B49443 /* Release */,
			);
			defaultConfigurationIsVisible = 0;
			defaultConfigurationName = Release;
		};
		137882C3281992AB00B49443 /* Build configuration list for PBXNativeTarget "FoodstagramUITests" */ = {
			isa = XCConfigurationList;
			buildConfigurations = (
				137882C4281992AB00B49443 /* Debug */,
				137882C5281992AB00B49443 /* Release */,
			);
			defaultConfigurationIsVisible = 0;
			defaultConfigurationName = Release;
		};
/* End XCConfigurationList section */
	};
	rootObject = 1378828B281992A900B49443 /* Project object */;
}
